// !$*UTF8*$!
{
	archiveVersion = 1;
	classes = {
	};
	objectVersion = 50;
	objects = {

/* Begin PBXBuildFile section */
		613CC9AC20A5DAC6000FE9D1 /* ImageViewController.swift in Sources */ = {isa = PBXBuildFile; fileRef = 613CC9AB20A5DAC6000FE9D1 /* ImageViewController.swift */; };
		61CB223E20A72F6100625560 /* MapViewController.swift in Sources */ = {isa = PBXBuildFile; fileRef = 61CB223D20A72F6100625560 /* MapViewController.swift */; };
		B5B16CB020975176009A327D /* AppDelegate.swift in Sources */ = {isa = PBXBuildFile; fileRef = B5B16CAF20975176009A327D /* AppDelegate.swift */; };
		B5B16CB520975176009A327D /* Main.storyboard in Resources */ = {isa = PBXBuildFile; fileRef = B5B16CB320975176009A327D /* Main.storyboard */; };
		B5B16CB720975178009A327D /* Assets.xcassets in Resources */ = {isa = PBXBuildFile; fileRef = B5B16CB620975178009A327D /* Assets.xcassets */; };
		B5B16CBA20975178009A327D /* LaunchScreen.storyboard in Resources */ = {isa = PBXBuildFile; fileRef = B5B16CB820975178009A327D /* LaunchScreen.storyboard */; };
		B5B16CC520975178009A327D /* bilal_bounour_s2it_werkstuk1Tests.swift in Sources */ = {isa = PBXBuildFile; fileRef = B5B16CC420975178009A327D /* bilal_bounour_s2it_werkstuk1Tests.swift */; };
		B5B16CD020975178009A327D /* bilal_bounour_s2it_werkstuk1UITests.swift in Sources */ = {isa = PBXBuildFile; fileRef = B5B16CCF20975178009A327D /* bilal_bounour_s2it_werkstuk1UITests.swift */; };
		B5B16CDE209754B8009A327D /* PersoonClass.swift in Sources */ = {isa = PBXBuildFile; fileRef = B5B16CDD209754B8009A327D /* PersoonClass.swift */; };
		B5B16CE0209755EE009A327D /* PersoonTableViewController.swift in Sources */ = {isa = PBXBuildFile; fileRef = B5B16CDF209755EE009A327D /* PersoonTableViewController.swift */; };
		B5B16CE220976271009A327D /* PersoonDetailViewController.swift in Sources */ = {isa = PBXBuildFile; fileRef = B5B16CE120976271009A327D /* PersoonDetailViewController.swift */; };
/* End PBXBuildFile section */

/* Begin PBXContainerItemProxy section */
		B5B16CC120975178009A327D /* PBXContainerItemProxy */ = {
			isa = PBXContainerItemProxy;
			containerPortal = B5B16CA420975176009A327D /* Project object */;
			proxyType = 1;
			remoteGlobalIDString = B5B16CAB20975176009A327D;
			remoteInfo = bilal_bounour_s2it_werkstuk1;
		};
		B5B16CCC20975178009A327D /* PBXContainerItemProxy */ = {
			isa = PBXContainerItemProxy;
			containerPortal = B5B16CA420975176009A327D /* Project object */;
			proxyType = 1;
			remoteGlobalIDString = B5B16CAB20975176009A327D;
			remoteInfo = bilal_bounour_s2it_werkstuk1;
		};
/* End PBXContainerItemProxy section */

/* Begin PBXFileReference section */
		613CC9AB20A5DAC6000FE9D1 /* ImageViewController.swift */ = {isa = PBXFileReference; lastKnownFileType = sourcecode.swift; path = ImageViewController.swift; sourceTree = "<group>"; };
		61CB223D20A72F6100625560 /* MapViewController.swift */ = {isa = PBXFileReference; lastKnownFileType = sourcecode.swift; path = MapViewController.swift; sourceTree = "<group>"; };
		B5B16CAC20975176009A327D /* bilal_bounour_s2it_werkstuk1.app */ = {isa = PBXFileReference; explicitFileType = wrapper.application; includeInIndex = 0; path = bilal_bounour_s2it_werkstuk1.app; sourceTree = BUILT_PRODUCTS_DIR; };
		B5B16CAF20975176009A327D /* AppDelegate.swift */ = {isa = PBXFileReference; lastKnownFileType = sourcecode.swift; path = AppDelegate.swift; sourceTree = "<group>"; };
		B5B16CB420975176009A327D /* Base */ = {isa = PBXFileReference; lastKnownFileType = file.storyboard; name = Base; path = Base.lproj/Main.storyboard; sourceTree = "<group>"; };
		B5B16CB620975178009A327D /* Assets.xcassets */ = {isa = PBXFileReference; lastKnownFileType = folder.assetcatalog; path = Assets.xcassets; sourceTree = "<group>"; };
		B5B16CB920975178009A327D /* Base */ = {isa = PBXFileReference; lastKnownFileType = file.storyboard; name = Base; path = Base.lproj/LaunchScreen.storyboard; sourceTree = "<group>"; };
		B5B16CBB20975178009A327D /* Info.plist */ = {isa = PBXFileReference; lastKnownFileType = text.plist.xml; path = Info.plist; sourceTree = "<group>"; };
		B5B16CC020975178009A327D /* bilal_bounour_s2it_werkstuk1Tests.xctest */ = {isa = PBXFileReference; explicitFileType = wrapper.cfbundle; includeInIndex = 0; path = bilal_bounour_s2it_werkstuk1Tests.xctest; sourceTree = BUILT_PRODUCTS_DIR; };
		B5B16CC420975178009A327D /* bilal_bounour_s2it_werkstuk1Tests.swift */ = {isa = PBXFileReference; lastKnownFileType = sourcecode.swift; path = bilal_bounour_s2it_werkstuk1Tests.swift; sourceTree = "<group>"; };
		B5B16CC620975178009A327D /* Info.plist */ = {isa = PBXFileReference; lastKnownFileType = text.plist.xml; path = Info.plist; sourceTree = "<group>"; };
		B5B16CCB20975178009A327D /* bilal_bounour_s2it_werkstuk1UITests.xctest */ = {isa = PBXFileReference; explicitFileType = wrapper.cfbundle; includeInIndex = 0; path = bilal_bounour_s2it_werkstuk1UITests.xctest; sourceTree = BUILT_PRODUCTS_DIR; };
		B5B16CCF20975178009A327D /* bilal_bounour_s2it_werkstuk1UITests.swift */ = {isa = PBXFileReference; lastKnownFileType = sourcecode.swift; path = bilal_bounour_s2it_werkstuk1UITests.swift; sourceTree = "<group>"; };
		B5B16CD120975178009A327D /* Info.plist */ = {isa = PBXFileReference; lastKnownFileType = text.plist.xml; path = Info.plist; sourceTree = "<group>"; };
		B5B16CDD209754B8009A327D /* PersoonClass.swift */ = {isa = PBXFileReference; lastKnownFileType = sourcecode.swift; path = PersoonClass.swift; sourceTree = "<group>"; };
		B5B16CDF209755EE009A327D /* PersoonTableViewController.swift */ = {isa = PBXFileReference; lastKnownFileType = sourcecode.swift; path = PersoonTableViewController.swift; sourceTree = "<group>"; };
		B5B16CE120976271009A327D /* PersoonDetailViewController.swift */ = {isa = PBXFileReference; lastKnownFileType = sourcecode.swift; path = PersoonDetailViewController.swift; sourceTree = "<group>"; };
/* End PBXFileReference section */

/* Begin PBXFrameworksBuildPhase section */
		B5B16CA920975176009A327D /* Frameworks */ = {
			isa = PBXFrameworksBuildPhase;
			buildActionMask = 2147483647;
			files = (
			);
			runOnlyForDeploymentPostprocessing = 0;
		};
		B5B16CBD20975178009A327D /* Frameworks */ = {
			isa = PBXFrameworksBuildPhase;
			buildActionMask = 2147483647;
			files = (
			);
			runOnlyForDeploymentPostprocessing = 0;
		};
		B5B16CC820975178009A327D /* Frameworks */ = {
			isa = PBXFrameworksBuildPhase;
			buildActionMask = 2147483647;
			files = (
			);
			runOnlyForDeploymentPostprocessing = 0;
		};
/* End PBXFrameworksBuildPhase section */

/* Begin PBXGroup section */
		B5B16CA320975176009A327D = {
			isa = PBXGroup;
			children = (
				B5B16CAE20975176009A327D /* bilal_bounour_s2it_werkstuk1 */,
				B5B16CC320975178009A327D /* bilal_bounour_s2it_werkstuk1Tests */,
				B5B16CCE20975178009A327D /* bilal_bounour_s2it_werkstuk1UITests */,
				B5B16CAD20975176009A327D /* Products */,
			);
			sourceTree = "<group>";
		};
		B5B16CAD20975176009A327D /* Products */ = {
			isa = PBXGroup;
			children = (
				B5B16CAC20975176009A327D /* bilal_bounour_s2it_werkstuk1.app */,
				B5B16CC020975178009A327D /* bilal_bounour_s2it_werkstuk1Tests.xctest */,
				B5B16CCB20975178009A327D /* bilal_bounour_s2it_werkstuk1UITests.xctest */,
			);
			name = Products;
			sourceTree = "<group>";
		};
		B5B16CAE20975176009A327D /* bilal_bounour_s2it_werkstuk1 */ = {
			isa = PBXGroup;
			children = (
				B5B16CAF20975176009A327D /* AppDelegate.swift */,
				B5B16CB320975176009A327D /* Main.storyboard */,
				B5B16CB620975178009A327D /* Assets.xcassets */,
				B5B16CB820975178009A327D /* LaunchScreen.storyboard */,
				B5B16CBB20975178009A327D /* Info.plist */,
				B5B16CDD209754B8009A327D /* PersoonClass.swift */,
				B5B16CDF209755EE009A327D /* PersoonTableViewController.swift */,
				B5B16CE120976271009A327D /* PersoonDetailViewController.swift */,
				613CC9AB20A5DAC6000FE9D1 /* ImageViewController.swift */,
				61CB223D20A72F6100625560 /* MapViewController.swift */,
			);
			path = bilal_bounour_s2it_werkstuk1;
			sourceTree = "<group>";
		};
		B5B16CC320975178009A327D /* bilal_bounour_s2it_werkstuk1Tests */ = {
			isa = PBXGroup;
			children = (
				B5B16CC420975178009A327D /* bilal_bounour_s2it_werkstuk1Tests.swift */,
				B5B16CC620975178009A327D /* Info.plist */,
			);
			path = bilal_bounour_s2it_werkstuk1Tests;
			sourceTree = "<group>";
		};
		B5B16CCE20975178009A327D /* bilal_bounour_s2it_werkstuk1UITests */ = {
			isa = PBXGroup;
			children = (
				B5B16CCF20975178009A327D /* bilal_bounour_s2it_werkstuk1UITests.swift */,
				B5B16CD120975178009A327D /* Info.plist */,
			);
			path = bilal_bounour_s2it_werkstuk1UITests;
			sourceTree = "<group>";
		};
/* End PBXGroup section */

/* Begin PBXNativeTarget section */
		B5B16CAB20975176009A327D /* bilal_bounour_s2it_werkstuk1 */ = {
			isa = PBXNativeTarget;
			buildConfigurationList = B5B16CD420975178009A327D /* Build configuration list for PBXNativeTarget "bilal_bounour_s2it_werkstuk1" */;
			buildPhases = (
				B5B16CA820975176009A327D /* Sources */,
				B5B16CA920975176009A327D /* Frameworks */,
				B5B16CAA20975176009A327D /* Resources */,
			);
			buildRules = (
			);
			dependencies = (
			);
			name = bilal_bounour_s2it_werkstuk1;
			productName = bilal_bounour_s2it_werkstuk1;
			productReference = B5B16CAC20975176009A327D /* bilal_bounour_s2it_werkstuk1.app */;
			productType = "com.apple.product-type.application";
		};
		B5B16CBF20975178009A327D /* bilal_bounour_s2it_werkstuk1Tests */ = {
			isa = PBXNativeTarget;
			buildConfigurationList = B5B16CD720975178009A327D /* Build configuration list for PBXNativeTarget "bilal_bounour_s2it_werkstuk1Tests" */;
			buildPhases = (
				B5B16CBC20975178009A327D /* Sources */,
				B5B16CBD20975178009A327D /* Frameworks */,
				B5B16CBE20975178009A327D /* Resources */,
			);
			buildRules = (
			);
			dependencies = (
				B5B16CC220975178009A327D /* PBXTargetDependency */,
			);
			name = bilal_bounour_s2it_werkstuk1Tests;
			productName = bilal_bounour_s2it_werkstuk1Tests;
			productReference = B5B16CC020975178009A327D /* bilal_bounour_s2it_werkstuk1Tests.xctest */;
			productType = "com.apple.product-type.bundle.unit-test";
		};
		B5B16CCA20975178009A327D /* bilal_bounour_s2it_werkstuk1UITests */ = {
			isa = PBXNativeTarget;
			buildConfigurationList = B5B16CDA20975178009A327D /* Build configuration list for PBXNativeTarget "bilal_bounour_s2it_werkstuk1UITests" */;
			buildPhases = (
				B5B16CC720975178009A327D /* Sources */,
				B5B16CC820975178009A327D /* Frameworks */,
				B5B16CC920975178009A327D /* Resources */,
			);
			buildRules = (
			);
			dependencies = (
				B5B16CCD20975178009A327D /* PBXTargetDependency */,
			);
			name = bilal_bounour_s2it_werkstuk1UITests;
			productName = bilal_bounour_s2it_werkstuk1UITests;
			productReference = B5B16CCB20975178009A327D /* bilal_bounour_s2it_werkstuk1UITests.xctest */;
			productType = "com.apple.product-type.bundle.ui-testing";
		};
/* End PBXNativeTarget section */

/* Begin PBXProject section */
		B5B16CA420975176009A327D /* Project object */ = {
			isa = PBXProject;
			attributes = {
				LastSwiftUpdateCheck = 0930;
				LastUpgradeCheck = 0930;
				ORGANIZATIONNAME = bilal_bounour;
				TargetAttributes = {
					B5B16CAB20975176009A327D = {
						CreatedOnToolsVersion = 9.3;
					};
					B5B16CBF20975178009A327D = {
						CreatedOnToolsVersion = 9.3;
						TestTargetID = B5B16CAB20975176009A327D;
					};
					B5B16CCA20975178009A327D = {
						CreatedOnToolsVersion = 9.3;
						TestTargetID = B5B16CAB20975176009A327D;
					};
				};
			};
			buildConfigurationList = B5B16CA720975176009A327D /* Build configuration list for PBXProject "bilal_bounour_s2it_werkstuk1" */;
			compatibilityVersion = "Xcode 9.3";
			developmentRegion = en;
			hasScannedForEncodings = 0;
			knownRegions = (
				en,
				Base,
			);
			mainGroup = B5B16CA320975176009A327D;
			productRefGroup = B5B16CAD20975176009A327D /* Products */;
			projectDirPath = "";
			projectRoot = "";
			targets = (
				B5B16CAB20975176009A327D /* bilal_bounour_s2it_werkstuk1 */,
				B5B16CBF20975178009A327D /* bilal_bounour_s2it_werkstuk1Tests */,
				B5B16CCA20975178009A327D /* bilal_bounour_s2it_werkstuk1UITests */,
			);
		};
/* End PBXProject section */

/* Begin PBXResourcesBuildPhase section */
		B5B16CAA20975176009A327D /* Resources */ = {
			isa = PBXResourcesBuildPhase;
			buildActionMask = 2147483647;
			files = (
				B5B16CBA20975178009A327D /* LaunchScreen.storyboard in Resources */,
				B5B16CB720975178009A327D /* Assets.xcassets in Resources */,
				B5B16CB520975176009A327D /* Main.storyboard in Resources */,
			);
			runOnlyForDeploymentPostprocessing = 0;
		};
		B5B16CBE20975178009A327D /* Resources */ = {
			isa = PBXResourcesBuildPhase;
			buildActionMask = 2147483647;
			files = (
			);
			runOnlyForDeploymentPostprocessing = 0;
		};
		B5B16CC920975178009A327D /* Resources */ = {
			isa = PBXResourcesBuildPhase;
			buildActionMask = 2147483647;
			files = (
			);
			runOnlyForDeploymentPostprocessing = 0;
		};
/* End PBXResourcesBuildPhase section */

/* Begin PBXSourcesBuildPhase section */
		B5B16CA820975176009A327D /* Sources */ = {
			isa = PBXSourcesBuildPhase;
			buildActionMask = 2147483647;
			files = (
				B5B16CE220976271009A327D /* PersoonDetailViewController.swift in Sources */,
				61CB223E20A72F6100625560 /* MapViewController.swift in Sources */,
				B5B16CE0209755EE009A327D /* PersoonTableViewController.swift in Sources */,
				613CC9AC20A5DAC6000FE9D1 /* ImageViewController.swift in Sources */,
				B5B16CDE209754B8009A327D /* PersoonClass.swift in Sources */,
				B5B16CB020975176009A327D /* AppDelegate.swift in Sources */,
			);
			runOnlyForDeploymentPostprocessing = 0;
		};
		B5B16CBC20975178009A327D /* Sources */ = {
			isa = PBXSourcesBuildPhase;
			buildActionMask = 2147483647;
			files = (
				B5B16CC520975178009A327D /* bilal_bounour_s2it_werkstuk1Tests.swift in Sources */,
			);
			runOnlyForDeploymentPostprocessing = 0;
		};
		B5B16CC720975178009A327D /* Sources */ = {
			isa = PBXSourcesBuildPhase;
			buildActionMask = 2147483647;
			files = (
				B5B16CD020975178009A327D /* bilal_bounour_s2it_werkstuk1UITests.swift in Sources */,
			);
			runOnlyForDeploymentPostprocessing = 0;
		};
/* End PBXSourcesBuildPhase section */

/* Begin PBXTargetDependency section */
		B5B16CC220975178009A327D /* PBXTargetDependency */ = {
			isa = PBXTargetDependency;
			target = B5B16CAB20975176009A327D /* bilal_bounour_s2it_werkstuk1 */;
			targetProxy = B5B16CC120975178009A327D /* PBXContainerItemProxy */;
		};
		B5B16CCD20975178009A327D /* PBXTargetDependency */ = {
			isa = PBXTargetDependency;
			target = B5B16CAB20975176009A327D /* bilal_bounour_s2it_werkstuk1 */;
			targetProxy = B5B16CCC20975178009A327D /* PBXContainerItemProxy */;
		};
/* End PBXTargetDependency section */

/* Begin PBXVariantGroup section */
		B5B16CB320975176009A327D /* Main.storyboard */ = {
			isa = PBXVariantGroup;
			children = (
				B5B16CB420975176009A327D /* Base */,
			);
			name = Main.storyboard;
			sourceTree = "<group>";
		};
		B5B16CB820975178009A327D /* LaunchScreen.storyboard */ = {
			isa = PBXVariantGroup;
			children = (
				B5B16CB920975178009A327D /* Base */,
			);
			name = LaunchScreen.storyboard;
			sourceTree = "<group>";
		};
/* End PBXVariantGroup section */

/* Begin XCBuildConfiguration section */
		B5B16CD220975178009A327D /* Debug */ = {
			isa = XCBuildConfiguration;
			buildSettings = {
				ALWAYS_SEARCH_USER_PATHS = NO;
				CLANG_ANALYZER_NONNULL = YES;
				CLANG_ANALYZER_NUMBER_OBJECT_CONVERSION = YES_AGGRESSIVE;
				CLANG_CXX_LANGUAGE_STANDARD = "gnu++14";
				CLANG_CXX_LIBRARY = "libc++";
				CLANG_ENABLE_MODULES = YES;
				CLANG_ENABLE_OBJC_ARC = YES;
				CLANG_ENABLE_OBJC_WEAK = YES;
				CLANG_WARN_BLOCK_CAPTURE_AUTORELEASING = YES;
				CLANG_WARN_BOOL_CONVERSION = YES;
				CLANG_WARN_COMMA = YES;
				CLANG_WARN_CONSTANT_CONVERSION = YES;
				CLANG_WARN_DEPRECATED_OBJC_IMPLEMENTATIONS = YES;
				CLANG_WARN_DIRECT_OBJC_ISA_USAGE = YES_ERROR;
				CLANG_WARN_DOCUMENTATION_COMMENTS = YES;
				CLANG_WARN_EMPTY_BODY = YES;
				CLANG_WARN_ENUM_CONVERSION = YES;
				CLANG_WARN_INFINITE_RECURSION = YES;
				CLANG_WARN_INT_CONVERSION = YES;
				CLANG_WARN_NON_LITERAL_NULL_CONVERSION = YES;
				CLANG_WARN_OBJC_IMPLICIT_RETAIN_SELF = YES;
				CLANG_WARN_OBJC_LITERAL_CONVERSION = YES;
				CLANG_WARN_OBJC_ROOT_CLASS = YES_ERROR;
				CLANG_WARN_RANGE_LOOP_ANALYSIS = YES;
				CLANG_WARN_STRICT_PROTOTYPES = YES;
				CLANG_WARN_SUSPICIOUS_MOVE = YES;
				CLANG_WARN_UNGUARDED_AVAILABILITY = YES_AGGRESSIVE;
				CLANG_WARN_UNREACHABLE_CODE = YES;
				CLANG_WARN__DUPLICATE_METHOD_MATCH = YES;
				CODE_SIGN_IDENTITY = "iPhone Developer";
				COPY_PHASE_STRIP = NO;
				DEBUG_INFORMATION_FORMAT = dwarf;
				ENABLE_STRICT_OBJC_MSGSEND = YES;
				ENABLE_TESTABILITY = YES;
				GCC_C_LANGUAGE_STANDARD = gnu11;
				GCC_DYNAMIC_NO_PIC = NO;
				GCC_NO_COMMON_BLOCKS = YES;
				GCC_OPTIMIZATION_LEVEL = 0;
				GCC_PREPROCESSOR_DEFINITIONS = (
					"DEBUG=1",
					"$(inherited)",
				);
				GCC_WARN_64_TO_32_BIT_CONVERSION = YES;
				GCC_WARN_ABOUT_RETURN_TYPE = YES_ERROR;
				GCC_WARN_UNDECLARED_SELECTOR = YES;
				GCC_WARN_UNINITIALIZED_AUTOS = YES_AGGRESSIVE;
				GCC_WARN_UNUSED_FUNCTION = YES;
				GCC_WARN_UNUSED_VARIABLE = YES;
				IPHONEOS_DEPLOYMENT_TARGET = 11.3;
				MTL_ENABLE_DEBUG_INFO = YES;
				ONLY_ACTIVE_ARCH = YES;
				SDKROOT = iphoneos;
				SWIFT_ACTIVE_COMPILATION_CONDITIONS = DEBUG;
				SWIFT_OPTIMIZATION_LEVEL = "-Onone";
			};
			name = Debug;
		};
		B5B16CD320975178009A327D /* Release */ = {
			isa = XCBuildConfiguration;
			buildSettings = {
				ALWAYS_SEARCH_USER_PATHS = NO;
				CLANG_ANALYZER_NONNULL = YES;
				CLANG_ANALYZER_NUMBER_OBJECT_CONVERSION = YES_AGGRESSIVE;
				CLANG_CXX_LANGUAGE_STANDARD = "gnu++14";
				CLANG_CXX_LIBRARY = "libc++";
				CLANG_ENABLE_MODULES = YES;
				CLANG_ENABLE_OBJC_ARC = YES;
				CLANG_ENABLE_OBJC_WEAK = YES;
				CLANG_WARN_BLOCK_CAPTURE_AUTORELEASING = YES;
				CLANG_WARN_BOOL_CONVERSION = YES;
				CLANG_WARN_COMMA = YES;
				CLANG_WARN_CONSTANT_CONVERSION = YES;
				CLANG_WARN_DEPRECATED_OBJC_IMPLEMENTATIONS = YES;
				CLANG_WARN_DIRECT_OBJC_ISA_USAGE = YES_ERROR;
				CLANG_WARN_DOCUMENTATION_COMMENTS = YES;
				CLANG_WARN_EMPTY_BODY = YES;
				CLANG_WARN_ENUM_CONVERSION = YES;
				CLANG_WARN_INFINITE_RECURSION = YES;
				CLANG_WARN_INT_CONVERSION = YES;
				CLANG_WARN_NON_LITERAL_NULL_CONVERSION = YES;
				CLANG_WARN_OBJC_IMPLICIT_RETAIN_SELF = YES;
				CLANG_WARN_OBJC_LITERAL_CONVERSION = YES;
				CLANG_WARN_OBJC_ROOT_CLASS = YES_ERROR;
				CLANG_WARN_RANGE_LOOP_ANALYSIS = YES;
				CLANG_WARN_STRICT_PROTOTYPES = YES;
				CLANG_WARN_SUSPICIOUS_MOVE = YES;
				CLANG_WARN_UNGUARDED_AVAILABILITY = YES_AGGRESSIVE;
				CLANG_WARN_UNREACHABLE_CODE = YES;
				CLANG_WARN__DUPLICATE_METHOD_MATCH = YES;
				CODE_SIGN_IDENTITY = "iPhone Developer";
				COPY_PHASE_STRIP = NO;
				DEBUG_INFORMATION_FORMAT = "dwarf-with-dsym";
				ENABLE_NS_ASSERTIONS = NO;
				ENABLE_STRICT_OBJC_MSGSEND = YES;
				GCC_C_LANGUAGE_STANDARD = gnu11;
				GCC_NO_COMMON_BLOCKS = YES;
				GCC_WARN_64_TO_32_BIT_CONVERSION = YES;
				GCC_WARN_ABOUT_RETURN_TYPE = YES_ERROR;
				GCC_WARN_UNDECLARED_SELECTOR = YES;
				GCC_WARN_UNINITIALIZED_AUTOS = YES_AGGRESSIVE;
				GCC_WARN_UNUSED_FUNCTION = YES;
				GCC_WARN_UNUSED_VARIABLE = YES;
				IPHONEOS_DEPLOYMENT_TARGET = 11.3;
				MTL_ENABLE_DEBUG_INFO = NO;
				SDKROOT = iphoneos;
				SWIFT_COMPILATION_MODE = wholemodule;
				SWIFT_OPTIMIZATION_LEVEL = "-O";
				VALIDATE_PRODUCT = YES;
			};
			name = Release;
		};
		B5B16CD520975178009A327D /* Debug */ = {
			isa = XCBuildConfiguration;
			buildSettings = {
				ASSETCATALOG_COMPILER_APPICON_NAME = AppIcon;
				CODE_SIGN_STYLE = Automatic;
				INFOPLIST_FILE = bilal_bounour_s2it_werkstuk1/Info.plist;
				LD_RUNPATH_SEARCH_PATHS = (
					"$(inherited)",
					"@executable_path/Frameworks",
				);
				PRODUCT_BUNDLE_IDENTIFIER = "ehb.be.bilal-bounour-s2it-werkstuk1";
				PRODUCT_NAME = "$(TARGET_NAME)";
				SWIFT_VERSION = 4.0;
				TARGETED_DEVICE_FAMILY = "1,2";
			};
			name = Debug;
		};
		B5B16CD620975178009A327D /* Release */ = {
			isa = XCBuildConfiguration;
			buildSettings = {
				ASSETCATALOG_COMPILER_APPICON_NAME = AppIcon;
				CODE_SIGN_STYLE = Automatic;
				INFOPLIST_FILE = bilal_bounour_s2it_werkstuk1/Info.plist;
				LD_RUNPATH_SEARCH_PATHS = (
					"$(inherited)",
					"@executable_path/Frameworks",
				);
				PRODUCT_BUNDLE_IDENTIFIER = "ehb.be.bilal-bounour-s2it-werkstuk1";
				PRODUCT_NAME = "$(TARGET_NAME)";
				SWIFT_VERSION = 4.0;
				TARGETED_DEVICE_FAMILY = "1,2";
			};
			name = Release;
		};
		B5B16CD820975178009A327D /* Debug */ = {
			isa = XCBuildConfiguration;
			buildSettings = {
				ALWAYS_EMBED_SWIFT_STANDARD_LIBRARIES = YES;
				BUNDLE_LOADER = "$(TEST_HOST)";
				CODE_SIGN_STYLE = Automatic;
				INFOPLIST_FILE = bilal_bounour_s2it_werkstuk1Tests/Info.plist;
				LD_RUNPATH_SEARCH_PATHS = (
					"$(inherited)",
					"@executable_path/Frameworks",
					"@loader_path/Frameworks",
				);
				PRODUCT_BUNDLE_IDENTIFIER = "ehb.be.bilal-bounour-s2it-werkstuk1Tests";
				PRODUCT_NAME = "$(TARGET_NAME)";
				SWIFT_VERSION = 4.0;
				TARGETED_DEVICE_FAMILY = "1,2";
				TEST_HOST = "$(BUILT_PRODUCTS_DIR)/bilal_bounour_s2it_werkstuk1.app/bilal_bounour_s2it_werkstuk1";
			};
			name = Debug;
		};
		B5B16CD920975178009A327D /* Release */ = {
			isa = XCBuildConfiguration;
			buildSettings = {
				ALWAYS_EMBED_SWIFT_STANDARD_LIBRARIES = YES;
				BUNDLE_LOADER = "$(TEST_HOST)";
				CODE_SIGN_STYLE = Automatic;
				INFOPLIST_FILE = bilal_bounour_s2it_werkstuk1Tests/Info.plist;
				LD_RUNPATH_SEARCH_PATHS = (
					"$(inherited)",
					"@executable_path/Frameworks",
					"@loader_path/Frameworks",
				);
				PRODUCT_BUNDLE_IDENTIFIER = "ehb.be.bilal-bounour-s2it-werkstuk1Tests";
				PRODUCT_NAME = "$(TARGET_NAME)";
				SWIFT_VERSION = 4.0;
				TARGETED_DEVICE_FAMILY = "1,2";
				TEST_HOST = "$(BUILT_PRODUCTS_DIR)/bilal_bounour_s2it_werkstuk1.app/bilal_bounour_s2it_werkstuk1";
			};
			name = Release;
		};
		B5B16CDB20975178009A327D /* Debug */ = {
			isa = XCBuildConfiguration;
			buildSettings = {
				ALWAYS_EMBED_SWIFT_STANDARD_LIBRARIES = YES;
				CODE_SIGN_STYLE = Automatic;
				INFOPLIST_FILE = bilal_bounour_s2it_werkstuk1UITests/Info.plist;
				LD_RUNPATH_SEARCH_PATHS = (
					"$(inherited)",
					"@executable_path/Frameworks",
					"@loader_path/Frameworks",
				);
				PRODUCT_BUNDLE_IDENTIFIER = "ehb.be.bilal-bounour-s2it-werkstuk1UITests";
				PRODUCT_NAME = "$(TARGET_NAME)";
				SWIFT_VERSION = 4.0;
				TARGETED_DEVICE_FAMILY = "1,2";
				TEST_TARGET_NAME = bilal_bounour_s2it_werkstuk1;
			};
			name = Debug;
		};
		B5B16CDC20975178009A327D /* Release */ = {
			isa = XCBuildConfiguration;
			buildSettings = {
				ALWAYS_EMBED_SWIFT_STANDARD_LIBRARIES = YES;
				CODE_SIGN_STYLE = Automatic;
				INFOPLIST_FILE = bilal_bounour_s2it_werkstuk1UITests/Info.plist;
				LD_RUNPATH_SEARCH_PATHS = (
					"$(inherited)",
					"@executable_path/Frameworks",
					"@loader_path/Frameworks",
				);
				PRODUCT_BUNDLE_IDENTIFIER = "ehb.be.bilal-bounour-s2it-werkstuk1UITests";
				PRODUCT_NAME = "$(TARGET_NAME)";
				SWIFT_VERSION = 4.0;
				TARGETED_DEVICE_FAMILY = "1,2";
				TEST_TARGET_NAME = bilal_bounour_s2it_werkstuk1;
			};
			name = Release;
		};
/* End XCBuildConfiguration section */

/* Begin XCConfigurationList section */
		B5B16CA720975176009A327D /* Build configuration list for PBXProject "bilal_bounour_s2it_werkstuk1" */ = {
			isa = XCConfigurationList;
			buildConfigurations = (
				B5B16CD220975178009A327D /* Debug */,
				B5B16CD320975178009A327D /* Release */,
			);
			defaultConfigurationIsVisible = 0;
			defaultConfigurationName = Release;
		};
		B5B16CD420975178009A327D /* Build configuration list for PBXNativeTarget "bilal_bounour_s2it_werkstuk1" */ = {
			isa = XCConfigurationList;
			buildConfigurations = (
				B5B16CD520975178009A327D /* Debug */,
				B5B16CD620975178009A327D /* Release */,
			);
			defaultConfigurationIsVisible = 0;
			defaultConfigurationName = Release;
		};
		B5B16CD720975178009A327D /* Build configuration list for PBXNativeTarget "bilal_bounour_s2it_werkstuk1Tests" */ = {
			isa = XCConfigurationList;
			buildConfigurations = (
				B5B16CD820975178009A327D /* Debug */,
				B5B16CD920975178009A327D /* Release */,
			);
			defaultConfigurationIsVisible = 0;
			defaultConfigurationName = Release;
		};
		B5B16CDA20975178009A327D /* Build configuration list for PBXNativeTarget "bilal_bounour_s2it_werkstuk1UITests" */ = {
			isa = XCConfigurationList;
			buildConfigurations = (
				B5B16CDB20975178009A327D /* Debug */,
				B5B16CDC20975178009A327D /* Release */,
			);
			defaultConfigurationIsVisible = 0;
			defaultConfigurationName = Release;
		};
/* End XCConfigurationList section */
	};
	rootObject = B5B16CA420975176009A327D /* Project object */;
}
